
Microsoft Visual Studio Solution File, Format Version 12.00
# Visual Studio Version 17
VisualStudioVersion = 17.4.33403.182
MinimumVisualStudioVersion = 10.0.40219.1
Project("{FAE04EC0-301F-11D3-BF4B-00C04F79EFBC}") = "Task 2 (variant 1)", "Task 2 (variant 1)\Task 2 (variant 1).csproj", "{C0EC6487-69F7-4F7D-8CE7-4362083D1BDF}"
EndProject
Global
	GlobalSection(SolutionConfigurationPlatforms) = preSolution
		Debug|Any CPU = Debug|Any CPU
		Release|Any CPU = Release|Any CPU
	EndGlobalSection
	GlobalSection(ProjectConfigurationPlatforms) = postSolution
		{C0EC6487-69F7-4F7D-8CE7-4362083D1BDF}.Debug|Any CPU.ActiveCfg = Debug|Any CPU
		{C0EC6487-69F7-4F7D-8CE7-4362083D1BDF}.Debug|Any CPU.Build.0 = Debug|Any CPU
		{C0EC6487-69F7-4F7D-8CE7-4362083D1BDF}.Release|Any CPU.ActiveCfg = Release|Any CPU
		{C0EC6487-69F7-4F7D-8CE7-4362083D1BDF}.Release|Any CPU.Build.0 = Release|Any CPU
	EndGlobalSection
	GlobalSection(SolutionProperties) = preSolution
		HideSolutionNode = FALSE
	EndGlobalSection
	GlobalSection(ExtensibilityGlobals) = postSolution
		SolutionGuid = {14E4B052-824D-4243-B75E-8E9052591AE0}
	EndGlobalSection
EndGlobal
